
Microsoft Visual Studio Solution File, Format Version 12.00
# Visual Studio Version 17
VisualStudioVersion = 17.14.36511.14 d17.14
MinimumVisualStudioVersion = 10.0.40219.1
Project("{FAE04EC0-301F-11D3-BF4B-00C04F79EFBC}") = "CakeBuild", "CakeBuild\CakeBuild.csproj", "{E0D287C2-CE3F-45E2-859C-4230950A68AA}"
EndProject
Project("{FAE04EC0-301F-11D3-BF4B-00C04F79EFBC}") = "owies", "owies\owies.csproj", "{B7865C71-23A2-4168-90EA-C9F840D1218B}"
EndProject
Global
	GlobalSection(SolutionConfigurationPlatforms) = preSolution
		Debug|Any CPU = Debug|Any CPU
		Release|Any CPU = Release|Any CPU
	EndGlobalSection
	GlobalSection(ProjectConfigurationPlatforms) = postSolution
		{E0D287C2-CE3F-45E2-859C-4230950A68AA}.Debug|Any CPU.ActiveCfg = Debug|Any CPU
		{E0D287C2-CE3F-45E2-859C-4230950A68AA}.Debug|Any CPU.Build.0 = Debug|Any CPU
		{E0D287C2-CE3F-45E2-859C-4230950A68AA}.Release|Any CPU.ActiveCfg = Release|Any CPU
		{E0D287C2-CE3F-45E2-859C-4230950A68AA}.Release|Any CPU.Build.0 = Release|Any CPU
		{B7865C71-23A2-4168-90EA-C9F840D1218B}.Debug|Any CPU.ActiveCfg = Debug|Any CPU
		{B7865C71-23A2-4168-90EA-C9F840D1218B}.Debug|Any CPU.Build.0 = Debug|Any CPU
		{B7865C71-23A2-4168-90EA-C9F840D1218B}.Release|Any CPU.ActiveCfg = Release|Any CPU
		{B7865C71-23A2-4168-90EA-C9F840D1218B}.Release|Any CPU.Build.0 = Release|Any CPU
	EndGlobalSection
	GlobalSection(SolutionProperties) = preSolution
		HideSolutionNode = FALSE
	EndGlobalSection
	GlobalSection(ExtensibilityGlobals) = postSolution
		SolutionGuid = {74ED47EF-3425-4135-8D97-23D988AB5A23}
	EndGlobalSection
EndGlobal
